// !$*UTF8*$!
{
	archiveVersion = 1;
	classes = {
	};
	objectVersion = 56;
	objects = {

/* Begin PBXBuildFile section */
		D9B0C9402D5169A1002032C9 /* AppCatsTestApp.swift in Sources */ = {isa = PBXBuildFile; fileRef = D9B0C93F2D5169A1002032C9 /* AppCatsTestApp.swift */; };
		D9B0C9422D5169A1002032C9 /* ContentView.swift in Sources */ = {isa = PBXBuildFile; fileRef = D9B0C9412D5169A1002032C9 /* ContentView.swift */; };
		D9B0C9442D5169A4002032C9 /* Assets.xcassets in Resources */ = {isa = PBXBuildFile; fileRef = D9B0C9432D5169A4002032C9 /* Assets.xcassets */; };
		D9B0C9472D5169A4002032C9 /* Preview Assets.xcassets in Resources */ = {isa = PBXBuildFile; fileRef = D9B0C9462D5169A4002032C9 /* Preview Assets.xcassets */; };
		D9B0C9492D5169A4002032C9 /* Persistence.swift in Sources */ = {isa = PBXBuildFile; fileRef = D9B0C9482D5169A4002032C9 /* Persistence.swift */; };
		D9B0C94C2D5169A4002032C9 /* AppCatsTest.xcdatamodeld in Sources */ = {isa = PBXBuildFile; fileRef = D9B0C94A2D5169A4002032C9 /* AppCatsTest.xcdatamodeld */; };
		D9B0C9562D5169A5002032C9 /* AppCatsTestTests.swift in Sources */ = {isa = PBXBuildFile; fileRef = D9B0C9552D5169A5002032C9 /* AppCatsTestTests.swift */; };
		D9B0C9602D5169A5002032C9 /* AppCatsTestUITests.swift in Sources */ = {isa = PBXBuildFile; fileRef = D9B0C95F2D5169A5002032C9 /* AppCatsTestUITests.swift */; };
		D9B0C9622D5169A5002032C9 /* AppCatsTestUITestsLaunchTests.swift in Sources */ = {isa = PBXBuildFile; fileRef = D9B0C9612D5169A5002032C9 /* AppCatsTestUITestsLaunchTests.swift */; };
		D9B0C9742D516A4D002032C9 /* endpointsDev.plist in Resources */ = {isa = PBXBuildFile; fileRef = D9B0C9732D516A4D002032C9 /* endpointsDev.plist */; };
		D9B0C9762D5195F8002032C9 /* ApiService.swift in Sources */ = {isa = PBXBuildFile; fileRef = D9B0C9752D5195F8002032C9 /* ApiService.swift */; };
		D9B0C9782D519637002032C9 /* APIEndpointModel.swift in Sources */ = {isa = PBXBuildFile; fileRef = D9B0C9772D519637002032C9 /* APIEndpointModel.swift */; };
		D9B0C97A2D519659002032C9 /* UtilServices.swift in Sources */ = {isa = PBXBuildFile; fileRef = D9B0C9792D519659002032C9 /* UtilServices.swift */; };
		D9B0C97C2D519947002032C9 /* Pets.swift in Sources */ = {isa = PBXBuildFile; fileRef = D9B0C97B2D519947002032C9 /* Pets.swift */; };
		D9B0C97E2D51A0DC002032C9 /* PetsViewModel.swift in Sources */ = {isa = PBXBuildFile; fileRef = D9B0C97D2D51A0DC002032C9 /* PetsViewModel.swift */; };
		D9B0C9812D51B5F8002032C9 /* PetsContentView.swift in Sources */ = {isa = PBXBuildFile; fileRef = D9B0C9802D51B5F8002032C9 /* PetsContentView.swift */; };
		D9B0C9832D51B6CB002032C9 /* DetailsPetContentView.swift in Sources */ = {isa = PBXBuildFile; fileRef = D9B0C9822D51B6CB002032C9 /* DetailsPetContentView.swift */; };
		D9B0C9852D52B851002032C9 /* WebContentView.swift in Sources */ = {isa = PBXBuildFile; fileRef = D9B0C9842D52B850002032C9 /* WebContentView.swift */; };
		D9B0C9872D52BC47002032C9 /* PetAttributesChartView.swift in Sources */ = {isa = PBXBuildFile; fileRef = D9B0C9862D52BC47002032C9 /* PetAttributesChartView.swift */; };
		D9B0C9892D5305A9002032C9 /* WebContentViewTests.swift in Sources */ = {isa = PBXBuildFile; fileRef = D9B0C9882D5305A9002032C9 /* WebContentViewTests.swift */; };
		D9B0C98B2D540BE8002032C9 /* DetailsPetContentViewTests.swift in Sources */ = {isa = PBXBuildFile; fileRef = D9B0C98A2D540BE8002032C9 /* DetailsPetContentViewTests.swift */; };
		D9B0C98D2D540ED5002032C9 /* PetsContentViewTests.swift in Sources */ = {isa = PBXBuildFile; fileRef = D9B0C98C2D540ED5002032C9 /* PetsContentViewTests.swift */; };
/* End PBXBuildFile section */

/* Begin PBXContainerItemProxy section */
		D9B0C9522D5169A5002032C9 /* PBXContainerItemProxy */ = {
			isa = PBXContainerItemProxy;
			containerPortal = D9B0C9342D5169A1002032C9 /* Project object */;
			proxyType = 1;
			remoteGlobalIDString = D9B0C93B2D5169A1002032C9;
			remoteInfo = AppCatsTest;
		};
		D9B0C95C2D5169A5002032C9 /* PBXContainerItemProxy */ = {
			isa = PBXContainerItemProxy;
			containerPortal = D9B0C9342D5169A1002032C9 /* Project object */;
			proxyType = 1;
			remoteGlobalIDString = D9B0C93B2D5169A1002032C9;
			remoteInfo = AppCatsTest;
		};
/* End PBXContainerItemProxy section */

/* Begin PBXFileReference section */
		D9B0C93C2D5169A1002032C9 /* AppCatsTest.app */ = {isa = PBXFileReference; explicitFileType = wrapper.application; includeInIndex = 0; path = AppCatsTest.app; sourceTree = BUILT_PRODUCTS_DIR; };
		D9B0C93F2D5169A1002032C9 /* AppCatsTestApp.swift */ = {isa = PBXFileReference; lastKnownFileType = sourcecode.swift; path = AppCatsTestApp.swift; sourceTree = "<group>"; };
		D9B0C9412D5169A1002032C9 /* ContentView.swift */ = {isa = PBXFileReference; lastKnownFileType = sourcecode.swift; path = ContentView.swift; sourceTree = "<group>"; };
		D9B0C9432D5169A4002032C9 /* Assets.xcassets */ = {isa = PBXFileReference; lastKnownFileType = folder.assetcatalog; path = Assets.xcassets; sourceTree = "<group>"; };
		D9B0C9462D5169A4002032C9 /* Preview Assets.xcassets */ = {isa = PBXFileReference; lastKnownFileType = folder.assetcatalog; path = "Preview Assets.xcassets"; sourceTree = "<group>"; };
		D9B0C9482D5169A4002032C9 /* Persistence.swift */ = {isa = PBXFileReference; lastKnownFileType = sourcecode.swift; path = Persistence.swift; sourceTree = "<group>"; };
		D9B0C94B2D5169A4002032C9 /* AppCatsTest.xcdatamodel */ = {isa = PBXFileReference; lastKnownFileType = wrapper.xcdatamodel; path = AppCatsTest.xcdatamodel; sourceTree = "<group>"; };
		D9B0C9512D5169A5002032C9 /* AppCatsTestTests.xctest */ = {isa = PBXFileReference; explicitFileType = wrapper.cfbundle; includeInIndex = 0; path = AppCatsTestTests.xctest; sourceTree = BUILT_PRODUCTS_DIR; };
		D9B0C9552D5169A5002032C9 /* AppCatsTestTests.swift */ = {isa = PBXFileReference; lastKnownFileType = sourcecode.swift; path = AppCatsTestTests.swift; sourceTree = "<group>"; };
		D9B0C95B2D5169A5002032C9 /* AppCatsTestUITests.xctest */ = {isa = PBXFileReference; explicitFileType = wrapper.cfbundle; includeInIndex = 0; path = AppCatsTestUITests.xctest; sourceTree = BUILT_PRODUCTS_DIR; };
		D9B0C95F2D5169A5002032C9 /* AppCatsTestUITests.swift */ = {isa = PBXFileReference; lastKnownFileType = sourcecode.swift; path = AppCatsTestUITests.swift; sourceTree = "<group>"; };
		D9B0C9612D5169A5002032C9 /* AppCatsTestUITestsLaunchTests.swift */ = {isa = PBXFileReference; lastKnownFileType = sourcecode.swift; path = AppCatsTestUITestsLaunchTests.swift; sourceTree = "<group>"; };
		D9B0C9732D516A4D002032C9 /* endpointsDev.plist */ = {isa = PBXFileReference; lastKnownFileType = text.plist.xml; path = endpointsDev.plist; sourceTree = "<group>"; };
		D9B0C9752D5195F8002032C9 /* ApiService.swift */ = {isa = PBXFileReference; lastKnownFileType = sourcecode.swift; path = ApiService.swift; sourceTree = "<group>"; };
		D9B0C9772D519637002032C9 /* APIEndpointModel.swift */ = {isa = PBXFileReference; lastKnownFileType = sourcecode.swift; path = APIEndpointModel.swift; sourceTree = "<group>"; };
		D9B0C9792D519659002032C9 /* UtilServices.swift */ = {isa = PBXFileReference; lastKnownFileType = sourcecode.swift; path = UtilServices.swift; sourceTree = "<group>"; };
		D9B0C97B2D519947002032C9 /* Pets.swift */ = {isa = PBXFileReference; lastKnownFileType = sourcecode.swift; path = Pets.swift; sourceTree = "<group>"; };
		D9B0C97D2D51A0DC002032C9 /* PetsViewModel.swift */ = {isa = PBXFileReference; lastKnownFileType = sourcecode.swift; path = PetsViewModel.swift; sourceTree = "<group>"; };
		D9B0C9802D51B5F8002032C9 /* PetsContentView.swift */ = {isa = PBXFileReference; lastKnownFileType = sourcecode.swift; path = PetsContentView.swift; sourceTree = "<group>"; };
		D9B0C9822D51B6CB002032C9 /* DetailsPetContentView.swift */ = {isa = PBXFileReference; lastKnownFileType = sourcecode.swift; path = DetailsPetContentView.swift; sourceTree = "<group>"; };
		D9B0C9842D52B850002032C9 /* WebContentView.swift */ = {isa = PBXFileReference; lastKnownFileType = sourcecode.swift; path = WebContentView.swift; sourceTree = "<group>"; };
		D9B0C9862D52BC47002032C9 /* PetAttributesChartView.swift */ = {isa = PBXFileReference; lastKnownFileType = sourcecode.swift; path = PetAttributesChartView.swift; sourceTree = "<group>"; };
		D9B0C9882D5305A9002032C9 /* WebContentViewTests.swift */ = {isa = PBXFileReference; lastKnownFileType = sourcecode.swift; path = WebContentViewTests.swift; sourceTree = "<group>"; };
		D9B0C98A2D540BE8002032C9 /* DetailsPetContentViewTests.swift */ = {isa = PBXFileReference; lastKnownFileType = sourcecode.swift; path = DetailsPetContentViewTests.swift; sourceTree = "<group>"; };
		D9B0C98C2D540ED5002032C9 /* PetsContentViewTests.swift */ = {isa = PBXFileReference; lastKnownFileType = sourcecode.swift; path = PetsContentViewTests.swift; sourceTree = "<group>"; };
/* End PBXFileReference section */

/* Begin PBXFrameworksBuildPhase section */
		D9B0C9392D5169A1002032C9 /* Frameworks */ = {
			isa = PBXFrameworksBuildPhase;
			buildActionMask = 2147483647;
			files = (
			);
			runOnlyForDeploymentPostprocessing = 0;
		};
		D9B0C94E2D5169A5002032C9 /* Frameworks */ = {
			isa = PBXFrameworksBuildPhase;
			buildActionMask = 2147483647;
			files = (
			);
			runOnlyForDeploymentPostprocessing = 0;
		};
		D9B0C9582D5169A5002032C9 /* Frameworks */ = {
			isa = PBXFrameworksBuildPhase;
			buildActionMask = 2147483647;
			files = (
			);
			runOnlyForDeploymentPostprocessing = 0;
		};
/* End PBXFrameworksBuildPhase section */

/* Begin PBXGroup section */
		D9B0C9332D5169A1002032C9 = {
			isa = PBXGroup;
			children = (
				D9B0C93E2D5169A1002032C9 /* AppCatsTest */,
				D9B0C9542D5169A5002032C9 /* AppCatsTestTests */,
				D9B0C95E2D5169A5002032C9 /* AppCatsTestUITests */,
				D9B0C93D2D5169A1002032C9 /* Products */,
			);
			sourceTree = "<group>";
		};
		D9B0C93D2D5169A1002032C9 /* Products */ = {
			isa = PBXGroup;
			children = (
				D9B0C93C2D5169A1002032C9 /* AppCatsTest.app */,
				D9B0C9512D5169A5002032C9 /* AppCatsTestTests.xctest */,
				D9B0C95B2D5169A5002032C9 /* AppCatsTestUITests.xctest */,
			);
			name = Products;
			sourceTree = "<group>";
		};
		D9B0C93E2D5169A1002032C9 /* AppCatsTest */ = {
			isa = PBXGroup;
			children = (
				D9B0C97F2D51A1B3002032C9 /* Router */,
				D9B0C9722D5169E5002032C9 /* EndPoints */,
				D9B0C9712D5169DA002032C9 /* Views */,
				D9B0C9702D5169D0002032C9 /* Services */,
				D9B0C96F2D5169BA002032C9 /* ViewModel */,
				D9B0C96E2D5169B0002032C9 /* Model */,
				D9B0C93F2D5169A1002032C9 /* AppCatsTestApp.swift */,
				D9B0C9432D5169A4002032C9 /* Assets.xcassets */,
				D9B0C9482D5169A4002032C9 /* Persistence.swift */,
				D9B0C94A2D5169A4002032C9 /* AppCatsTest.xcdatamodeld */,
				D9B0C9452D5169A4002032C9 /* Preview Content */,
			);
			path = AppCatsTest;
			sourceTree = "<group>";
		};
		D9B0C9452D5169A4002032C9 /* Preview Content */ = {
			isa = PBXGroup;
			children = (
				D9B0C9462D5169A4002032C9 /* Preview Assets.xcassets */,
			);
			path = "Preview Content";
			sourceTree = "<group>";
		};
		D9B0C9542D5169A5002032C9 /* AppCatsTestTests */ = {
			isa = PBXGroup;
			children = (
				D9B0C9552D5169A5002032C9 /* AppCatsTestTests.swift */,
				D9B0C9882D5305A9002032C9 /* WebContentViewTests.swift */,
				D9B0C98A2D540BE8002032C9 /* DetailsPetContentViewTests.swift */,
				D9B0C98C2D540ED5002032C9 /* PetsContentViewTests.swift */,
			);
			path = AppCatsTestTests;
			sourceTree = "<group>";
		};
		D9B0C95E2D5169A5002032C9 /* AppCatsTestUITests */ = {
			isa = PBXGroup;
			children = (
				D9B0C95F2D5169A5002032C9 /* AppCatsTestUITests.swift */,
				D9B0C9612D5169A5002032C9 /* AppCatsTestUITestsLaunchTests.swift */,
			);
			path = AppCatsTestUITests;
			sourceTree = "<group>";
		};
		D9B0C96E2D5169B0002032C9 /* Model */ = {
			isa = PBXGroup;
			children = (
				D9B0C9772D519637002032C9 /* APIEndpointModel.swift */,
				D9B0C97B2D519947002032C9 /* Pets.swift */,
			);
			path = Model;
			sourceTree = "<group>";
		};
		D9B0C96F2D5169BA002032C9 /* ViewModel */ = {
			isa = PBXGroup;
			children = (
				D9B0C97D2D51A0DC002032C9 /* PetsViewModel.swift */,
			);
			path = ViewModel;
			sourceTree = "<group>";
		};
		D9B0C9702D5169D0002032C9 /* Services */ = {
			isa = PBXGroup;
			children = (
				D9B0C9752D5195F8002032C9 /* ApiService.swift */,
				D9B0C9792D519659002032C9 /* UtilServices.swift */,
			);
			path = Services;
			sourceTree = "<group>";
		};
		D9B0C9712D5169DA002032C9 /* Views */ = {
			isa = PBXGroup;
			children = (
				D9B0C9412D5169A1002032C9 /* ContentView.swift */,
				D9B0C9802D51B5F8002032C9 /* PetsContentView.swift */,
				D9B0C9822D51B6CB002032C9 /* DetailsPetContentView.swift */,
				D9B0C9842D52B850002032C9 /* WebContentView.swift */,
				D9B0C9862D52BC47002032C9 /* PetAttributesChartView.swift */,
			);
			path = Views;
			sourceTree = "<group>";
		};
		D9B0C9722D5169E5002032C9 /* EndPoints */ = {
			isa = PBXGroup;
			children = (
				D9B0C9732D516A4D002032C9 /* endpointsDev.plist */,
			);
			path = EndPoints;
			sourceTree = "<group>";
		};
		D9B0C97F2D51A1B3002032C9 /* Router */ = {
			isa = PBXGroup;
			children = (
			);
			path = Router;
			sourceTree = "<group>";
		};
/* End PBXGroup section */

/* Begin PBXNativeTarget section */
		D9B0C93B2D5169A1002032C9 /* AppCatsTest */ = {
			isa = PBXNativeTarget;
			buildConfigurationList = D9B0C9652D5169A5002032C9 /* Build configuration list for PBXNativeTarget "AppCatsTest" */;
			buildPhases = (
				D9B0C9382D5169A1002032C9 /* Sources */,
				D9B0C9392D5169A1002032C9 /* Frameworks */,
				D9B0C93A2D5169A1002032C9 /* Resources */,
			);
			buildRules = (
			);
			dependencies = (
			);
			name = AppCatsTest;
			productName = AppCatsTest;
			productReference = D9B0C93C2D5169A1002032C9 /* AppCatsTest.app */;
			productType = "com.apple.product-type.application";
		};
		D9B0C9502D5169A5002032C9 /* AppCatsTestTests */ = {
			isa = PBXNativeTarget;
			buildConfigurationList = D9B0C9682D5169A5002032C9 /* Build configuration list for PBXNativeTarget "AppCatsTestTests" */;
			buildPhases = (
				D9B0C94D2D5169A5002032C9 /* Sources */,
				D9B0C94E2D5169A5002032C9 /* Frameworks */,
				D9B0C94F2D5169A5002032C9 /* Resources */,
			);
			buildRules = (
			);
			dependencies = (
				D9B0C9532D5169A5002032C9 /* PBXTargetDependency */,
			);
			name = AppCatsTestTests;
			productName = AppCatsTestTests;
			productReference = D9B0C9512D5169A5002032C9 /* AppCatsTestTests.xctest */;
			productType = "com.apple.product-type.bundle.unit-test";
		};
		D9B0C95A2D5169A5002032C9 /* AppCatsTestUITests */ = {
			isa = PBXNativeTarget;
			buildConfigurationList = D9B0C96B2D5169A5002032C9 /* Build configuration list for PBXNativeTarget "AppCatsTestUITests" */;
			buildPhases = (
				D9B0C9572D5169A5002032C9 /* Sources */,
				D9B0C9582D5169A5002032C9 /* Frameworks */,
				D9B0C9592D5169A5002032C9 /* Resources */,
			);
			buildRules = (
			);
			dependencies = (
				D9B0C95D2D5169A5002032C9 /* PBXTargetDependency */,
			);
			name = AppCatsTestUITests;
			productName = AppCatsTestUITests;
			productReference = D9B0C95B2D5169A5002032C9 /* AppCatsTestUITests.xctest */;
			productType = "com.apple.product-type.bundle.ui-testing";
		};
/* End PBXNativeTarget section */

/* Begin PBXProject section */
		D9B0C9342D5169A1002032C9 /* Project object */ = {
			isa = PBXProject;
			attributes = {
				BuildIndependentTargetsInParallel = 1;
				LastSwiftUpdateCheck = 1520;
				LastUpgradeCheck = 1520;
				TargetAttributes = {
					D9B0C93B2D5169A1002032C9 = {
						CreatedOnToolsVersion = 15.2;
					};
					D9B0C9502D5169A5002032C9 = {
						CreatedOnToolsVersion = 15.2;
						TestTargetID = D9B0C93B2D5169A1002032C9;
					};
					D9B0C95A2D5169A5002032C9 = {
						CreatedOnToolsVersion = 15.2;
						TestTargetID = D9B0C93B2D5169A1002032C9;
					};
				};
			};
			buildConfigurationList = D9B0C9372D5169A1002032C9 /* Build configuration list for PBXProject "AppCatsTest" */;
			compatibilityVersion = "Xcode 14.0";
			developmentRegion = en;
			hasScannedForEncodings = 0;
			knownRegions = (
				en,
				Base,
			);
			mainGroup = D9B0C9332D5169A1002032C9;
			productRefGroup = D9B0C93D2D5169A1002032C9 /* Products */;
			projectDirPath = "";
			projectRoot = "";
			targets = (
				D9B0C93B2D5169A1002032C9 /* AppCatsTest */,
				D9B0C9502D5169A5002032C9 /* AppCatsTestTests */,
				D9B0C95A2D5169A5002032C9 /* AppCatsTestUITests */,
			);
		};
/* End PBXProject section */

/* Begin PBXResourcesBuildPhase section */
		D9B0C93A2D5169A1002032C9 /* Resources */ = {
			isa = PBXResourcesBuildPhase;
			buildActionMask = 2147483647;
			files = (
				D9B0C9742D516A4D002032C9 /* endpointsDev.plist in Resources */,
				D9B0C9472D5169A4002032C9 /* Preview Assets.xcassets in Resources */,
				D9B0C9442D5169A4002032C9 /* Assets.xcassets in Resources */,
			);
			runOnlyForDeploymentPostprocessing = 0;
		};
		D9B0C94F2D5169A5002032C9 /* Resources */ = {
			isa = PBXResourcesBuildPhase;
			buildActionMask = 2147483647;
			files = (
			);
			runOnlyForDeploymentPostprocessing = 0;
		};
		D9B0C9592D5169A5002032C9 /* Resources */ = {
			isa = PBXResourcesBuildPhase;
			buildActionMask = 2147483647;
			files = (
			);
			runOnlyForDeploymentPostprocessing = 0;
		};
/* End PBXResourcesBuildPhase section */

/* Begin PBXSourcesBuildPhase section */
		D9B0C9382D5169A1002032C9 /* Sources */ = {
			isa = PBXSourcesBuildPhase;
			buildActionMask = 2147483647;
			files = (
				D9B0C94C2D5169A4002032C9 /* AppCatsTest.xcdatamodeld in Sources */,
				D9B0C97C2D519947002032C9 /* Pets.swift in Sources */,
				D9B0C9782D519637002032C9 /* APIEndpointModel.swift in Sources */,
				D9B0C9872D52BC47002032C9 /* PetAttributesChartView.swift in Sources */,
				D9B0C9762D5195F8002032C9 /* ApiService.swift in Sources */,
				D9B0C9492D5169A4002032C9 /* Persistence.swift in Sources */,
				D9B0C9832D51B6CB002032C9 /* DetailsPetContentView.swift in Sources */,
				D9B0C9422D5169A1002032C9 /* ContentView.swift in Sources */,
				D9B0C9852D52B851002032C9 /* WebContentView.swift in Sources */,
				D9B0C97E2D51A0DC002032C9 /* PetsViewModel.swift in Sources */,
				D9B0C97A2D519659002032C9 /* UtilServices.swift in Sources */,
				D9B0C9812D51B5F8002032C9 /* PetsContentView.swift in Sources */,
				D9B0C9402D5169A1002032C9 /* AppCatsTestApp.swift in Sources */,
			);
			runOnlyForDeploymentPostprocessing = 0;
		};
		D9B0C94D2D5169A5002032C9 /* Sources */ = {
			isa = PBXSourcesBuildPhase;
			buildActionMask = 2147483647;
			files = (
				D9B0C9562D5169A5002032C9 /* AppCatsTestTests.swift in Sources */,
				D9B0C98B2D540BE8002032C9 /* DetailsPetContentViewTests.swift in Sources */,
				D9B0C98D2D540ED5002032C9 /* PetsContentViewTests.swift in Sources */,
				D9B0C9892D5305A9002032C9 /* WebContentViewTests.swift in Sources */,
			);
			runOnlyForDeploymentPostprocessing = 0;
		};
		D9B0C9572D5169A5002032C9 /* Sources */ = {
			isa = PBXSourcesBuildPhase;
			buildActionMask = 2147483647;
			files = (
				D9B0C9602D5169A5002032C9 /* AppCatsTestUITests.swift in Sources */,
				D9B0C9622D5169A5002032C9 /* AppCatsTestUITestsLaunchTests.swift in Sources */,
			);
			runOnlyForDeploymentPostprocessing = 0;
		};
/* End PBXSourcesBuildPhase section */

/* Begin PBXTargetDependency section */
		D9B0C9532D5169A5002032C9 /* PBXTargetDependency */ = {
			isa = PBXTargetDependency;
			target = D9B0C93B2D5169A1002032C9 /* AppCatsTest */;
			targetProxy = D9B0C9522D5169A5002032C9 /* PBXContainerItemProxy */;
		};
		D9B0C95D2D5169A5002032C9 /* PBXTargetDependency */ = {
			isa = PBXTargetDependency;
			target = D9B0C93B2D5169A1002032C9 /* AppCatsTest */;
			targetProxy = D9B0C95C2D5169A5002032C9 /* PBXContainerItemProxy */;
		};
/* End PBXTargetDependency section */

/* Begin XCBuildConfiguration section */
		D9B0C9632D5169A5002032C9 /* Debug */ = {
			isa = XCBuildConfiguration;
			buildSettings = {
				ALWAYS_SEARCH_USER_PATHS = NO;
				ASSETCATALOG_COMPILER_GENERATE_SWIFT_ASSET_SYMBOL_EXTENSIONS = YES;
				CLANG_ANALYZER_NONNULL = YES;
				CLANG_ANALYZER_NUMBER_OBJECT_CONVERSION = YES_AGGRESSIVE;
				CLANG_CXX_LANGUAGE_STANDARD = "gnu++20";
				CLANG_ENABLE_MODULES = YES;
				CLANG_ENABLE_OBJC_ARC = YES;
				CLANG_ENABLE_OBJC_WEAK = YES;
				CLANG_WARN_BLOCK_CAPTURE_AUTORELEASING = YES;
				CLANG_WARN_BOOL_CONVERSION = YES;
				CLANG_WARN_COMMA = YES;
				CLANG_WARN_CONSTANT_CONVERSION = YES;
				CLANG_WARN_DEPRECATED_OBJC_IMPLEMENTATIONS = YES;
				CLANG_WARN_DIRECT_OBJC_ISA_USAGE = YES_ERROR;
				CLANG_WARN_DOCUMENTATION_COMMENTS = YES;
				CLANG_WARN_EMPTY_BODY = YES;
				CLANG_WARN_ENUM_CONVERSION = YES;
				CLANG_WARN_INFINITE_RECURSION = YES;
				CLANG_WARN_INT_CONVERSION = YES;
				CLANG_WARN_NON_LITERAL_NULL_CONVERSION = YES;
				CLANG_WARN_OBJC_IMPLICIT_RETAIN_SELF = YES;
				CLANG_WARN_OBJC_LITERAL_CONVERSION = YES;
				CLANG_WARN_OBJC_ROOT_CLASS = YES_ERROR;
				CLANG_WARN_QUOTED_INCLUDE_IN_FRAMEWORK_HEADER = YES;
				CLANG_WARN_RANGE_LOOP_ANALYSIS = YES;
				CLANG_WARN_STRICT_PROTOTYPES = YES;
				CLANG_WARN_SUSPICIOUS_MOVE = YES;
				CLANG_WARN_UNGUARDED_AVAILABILITY = YES_AGGRESSIVE;
				CLANG_WARN_UNREACHABLE_CODE = YES;
				CLANG_WARN__DUPLICATE_METHOD_MATCH = YES;
				COPY_PHASE_STRIP = NO;
				DEBUG_INFORMATION_FORMAT = dwarf;
				ENABLE_STRICT_OBJC_MSGSEND = YES;
				ENABLE_TESTABILITY = YES;
				ENABLE_USER_SCRIPT_SANDBOXING = YES;
				GCC_C_LANGUAGE_STANDARD = gnu17;
				GCC_DYNAMIC_NO_PIC = NO;
				GCC_NO_COMMON_BLOCKS = YES;
				GCC_OPTIMIZATION_LEVEL = 0;
				GCC_PREPROCESSOR_DEFINITIONS = (
					"DEBUG=1",
					"$(inherited)",
				);
				GCC_WARN_64_TO_32_BIT_CONVERSION = YES;
				GCC_WARN_ABOUT_RETURN_TYPE = YES_ERROR;
				GCC_WARN_UNDECLARED_SELECTOR = YES;
				GCC_WARN_UNINITIALIZED_AUTOS = YES_AGGRESSIVE;
				GCC_WARN_UNUSED_FUNCTION = YES;
				GCC_WARN_UNUSED_VARIABLE = YES;
				IPHONEOS_DEPLOYMENT_TARGET = 17.2;
				LOCALIZATION_PREFERS_STRING_CATALOGS = YES;
				MTL_ENABLE_DEBUG_INFO = INCLUDE_SOURCE;
				MTL_FAST_MATH = YES;
				ONLY_ACTIVE_ARCH = YES;
				SDKROOT = iphoneos;
				SWIFT_ACTIVE_COMPILATION_CONDITIONS = "DEBUG $(inherited)";
				SWIFT_OPTIMIZATION_LEVEL = "-Onone";
			};
			name = Debug;
		};
		D9B0C9642D5169A5002032C9 /* Release */ = {
			isa = XCBuildConfiguration;
			buildSettings = {
				ALWAYS_SEARCH_USER_PATHS = NO;
				ASSETCATALOG_COMPILER_GENERATE_SWIFT_ASSET_SYMBOL_EXTENSIONS = YES;
				CLANG_ANALYZER_NONNULL = YES;
				CLANG_ANALYZER_NUMBER_OBJECT_CONVERSION = YES_AGGRESSIVE;
				CLANG_CXX_LANGUAGE_STANDARD = "gnu++20";
				CLANG_ENABLE_MODULES = YES;
				CLANG_ENABLE_OBJC_ARC = YES;
				CLANG_ENABLE_OBJC_WEAK = YES;
				CLANG_WARN_BLOCK_CAPTURE_AUTORELEASING = YES;
				CLANG_WARN_BOOL_CONVERSION = YES;
				CLANG_WARN_COMMA = YES;
				CLANG_WARN_CONSTANT_CONVERSION = YES;
				CLANG_WARN_DEPRECATED_OBJC_IMPLEMENTATIONS = YES;
				CLANG_WARN_DIRECT_OBJC_ISA_USAGE = YES_ERROR;
				CLANG_WARN_DOCUMENTATION_COMMENTS = YES;
				CLANG_WARN_EMPTY_BODY = YES;
				CLANG_WARN_ENUM_CONVERSION = YES;
				CLANG_WARN_INFINITE_RECURSION = YES;
				CLANG_WARN_INT_CONVERSION = YES;
				CLANG_WARN_NON_LITERAL_NULL_CONVERSION = YES;
				CLANG_WARN_OBJC_IMPLICIT_RETAIN_SELF = YES;
				CLANG_WARN_OBJC_LITERAL_CONVERSION = YES;
				CLANG_WARN_OBJC_ROOT_CLASS = YES_ERROR;
				CLANG_WARN_QUOTED_INCLUDE_IN_FRAMEWORK_HEADER = YES;
				CLANG_WARN_RANGE_LOOP_ANALYSIS = YES;
				CLANG_WARN_STRICT_PROTOTYPES = YES;
				CLANG_WARN_SUSPICIOUS_MOVE = YES;
				CLANG_WARN_UNGUARDED_AVAILABILITY = YES_AGGRESSIVE;
				CLANG_WARN_UNREACHABLE_CODE = YES;
				CLANG_WARN__DUPLICATE_METHOD_MATCH = YES;
				COPY_PHASE_STRIP = NO;
				DEBUG_INFORMATION_FORMAT = "dwarf-with-dsym";
				ENABLE_NS_ASSERTIONS = NO;
				ENABLE_STRICT_OBJC_MSGSEND = YES;
				ENABLE_USER_SCRIPT_SANDBOXING = YES;
				GCC_C_LANGUAGE_STANDARD = gnu17;
				GCC_NO_COMMON_BLOCKS = YES;
				GCC_WARN_64_TO_32_BIT_CONVERSION = YES;
				GCC_WARN_ABOUT_RETURN_TYPE = YES_ERROR;
				GCC_WARN_UNDECLARED_SELECTOR = YES;
				GCC_WARN_UNINITIALIZED_AUTOS = YES_AGGRESSIVE;
				GCC_WARN_UNUSED_FUNCTION = YES;
				GCC_WARN_UNUSED_VARIABLE = YES;
				IPHONEOS_DEPLOYMENT_TARGET = 17.2;
				LOCALIZATION_PREFERS_STRING_CATALOGS = YES;
				MTL_ENABLE_DEBUG_INFO = NO;
				MTL_FAST_MATH = YES;
				SDKROOT = iphoneos;
				SWIFT_COMPILATION_MODE = wholemodule;
				VALIDATE_PRODUCT = YES;
			};
			name = Release;
		};
		D9B0C9662D5169A5002032C9 /* Debug */ = {
			isa = XCBuildConfiguration;
			buildSettings = {
				ASSETCATALOG_COMPILER_APPICON_NAME = AppIcon;
				ASSETCATALOG_COMPILER_GLOBAL_ACCENT_COLOR_NAME = AccentColor;
				CODE_SIGN_STYLE = Automatic;
				CURRENT_PROJECT_VERSION = 1;
				DEVELOPMENT_ASSET_PATHS = "\"AppCatsTest/Preview Content\"";
				DEVELOPMENT_TEAM = 2U7FA696SS;
				ENABLE_PREVIEWS = YES;
				GENERATE_INFOPLIST_FILE = YES;
				INFOPLIST_KEY_UIApplicationSceneManifest_Generation = YES;
				INFOPLIST_KEY_UIApplicationSupportsIndirectInputEvents = YES;
				INFOPLIST_KEY_UILaunchScreen_Generation = YES;
				INFOPLIST_KEY_UISupportedInterfaceOrientations_iPad = "UIInterfaceOrientationPortrait UIInterfaceOrientationPortraitUpsideDown UIInterfaceOrientationLandscapeLeft UIInterfaceOrientationLandscapeRight";
				INFOPLIST_KEY_UISupportedInterfaceOrientations_iPhone = "UIInterfaceOrientationPortrait UIInterfaceOrientationLandscapeLeft UIInterfaceOrientationLandscapeRight";
				LD_RUNPATH_SEARCH_PATHS = (
					"$(inherited)",
					"@executable_path/Frameworks",
				);
				MARKETING_VERSION = 1.0;
				PRODUCT_BUNDLE_IDENTIFIER = korbek.AppCatsTest;
				PRODUCT_NAME = "$(TARGET_NAME)";
				SWIFT_EMIT_LOC_STRINGS = YES;
				SWIFT_VERSION = 5.0;
				TARGETED_DEVICE_FAMILY = "1,2";
			};
			name = Debug;
		};
		D9B0C9672D5169A5002032C9 /* Release */ = {
			isa = XCBuildConfiguration;
			buildSettings = {
				ASSETCATALOG_COMPILER_APPICON_NAME = AppIcon;
				ASSETCATALOG_COMPILER_GLOBAL_ACCENT_COLOR_NAME = AccentColor;
				CODE_SIGN_STYLE = Automatic;
				CURRENT_PROJECT_VERSION = 1;
				DEVELOPMENT_ASSET_PATHS = "\"AppCatsTest/Preview Content\"";
				DEVELOPMENT_TEAM = 2U7FA696SS;
				ENABLE_PREVIEWS = YES;
				GENERATE_INFOPLIST_FILE = YES;
				INFOPLIST_KEY_UIApplicationSceneManifest_Generation = YES;
				INFOPLIST_KEY_UIApplicationSupportsIndirectInputEvents = YES;
				INFOPLIST_KEY_UILaunchScreen_Generation = YES;
				INFOPLIST_KEY_UISupportedInterfaceOrientations_iPad = "UIInterfaceOrientationPortrait UIInterfaceOrientationPortraitUpsideDown UIInterfaceOrientationLandscapeLeft UIInterfaceOrientationLandscapeRight";
				INFOPLIST_KEY_UISupportedInterfaceOrientations_iPhone = "UIInterfaceOrientationPortrait UIInterfaceOrientationLandscapeLeft UIInterfaceOrientationLandscapeRight";
				LD_RUNPATH_SEARCH_PATHS = (
					"$(inherited)",
					"@executable_path/Frameworks",
				);
				MARKETING_VERSION = 1.0;
				PRODUCT_BUNDLE_IDENTIFIER = korbek.AppCatsTest;
				PRODUCT_NAME = "$(TARGET_NAME)";
				SWIFT_EMIT_LOC_STRINGS = YES;
				SWIFT_VERSION = 5.0;
				TARGETED_DEVICE_FAMILY = "1,2";
			};
			name = Release;
		};
		D9B0C9692D5169A5002032C9 /* Debug */ = {
			isa = XCBuildConfiguration;
			buildSettings = {
				ALWAYS_EMBED_SWIFT_STANDARD_LIBRARIES = YES;
				BUNDLE_LOADER = "$(TEST_HOST)";
				CODE_SIGN_STYLE = Automatic;
				CURRENT_PROJECT_VERSION = 1;
				DEVELOPMENT_TEAM = 2U7FA696SS;
				GENERATE_INFOPLIST_FILE = YES;
				IPHONEOS_DEPLOYMENT_TARGET = 17.2;
				MARKETING_VERSION = 1.0;
				PRODUCT_BUNDLE_IDENTIFIER = korbek.AppCatsTestTests;
				PRODUCT_NAME = "$(TARGET_NAME)";
				SWIFT_EMIT_LOC_STRINGS = NO;
				SWIFT_VERSION = 5.0;
				TARGETED_DEVICE_FAMILY = "1,2";
				TEST_HOST = "$(BUILT_PRODUCTS_DIR)/AppCatsTest.app/$(BUNDLE_EXECUTABLE_FOLDER_PATH)/AppCatsTest";
			};
			name = Debug;
		};
		D9B0C96A2D5169A5002032C9 /* Release */ = {
			isa = XCBuildConfiguration;
			buildSettings = {
				ALWAYS_EMBED_SWIFT_STANDARD_LIBRARIES = YES;
				BUNDLE_LOADER = "$(TEST_HOST)";
				CODE_SIGN_STYLE = Automatic;
				CURRENT_PROJECT_VERSION = 1;
				DEVELOPMENT_TEAM = 2U7FA696SS;
				GENERATE_INFOPLIST_FILE = YES;
				IPHONEOS_DEPLOYMENT_TARGET = 17.2;
				MARKETING_VERSION = 1.0;
				PRODUCT_BUNDLE_IDENTIFIER = korbek.AppCatsTestTests;
				PRODUCT_NAME = "$(TARGET_NAME)";
				SWIFT_EMIT_LOC_STRINGS = NO;
				SWIFT_VERSION = 5.0;
				TARGETED_DEVICE_FAMILY = "1,2";
				TEST_HOST = "$(BUILT_PRODUCTS_DIR)/AppCatsTest.app/$(BUNDLE_EXECUTABLE_FOLDER_PATH)/AppCatsTest";
			};
			name = Release;
		};
		D9B0C96C2D5169A5002032C9 /* Debug */ = {
			isa = XCBuildConfiguration;
			buildSettings = {
				ALWAYS_EMBED_SWIFT_STANDARD_LIBRARIES = YES;
				CODE_SIGN_STYLE = Automatic;
				CURRENT_PROJECT_VERSION = 1;
				DEVELOPMENT_TEAM = 2U7FA696SS;
				GENERATE_INFOPLIST_FILE = YES;
				MARKETING_VERSION = 1.0;
				PRODUCT_BUNDLE_IDENTIFIER = korbek.AppCatsTestUITests;
				PRODUCT_NAME = "$(TARGET_NAME)";
				SWIFT_EMIT_LOC_STRINGS = NO;
				SWIFT_VERSION = 5.0;
				TARGETED_DEVICE_FAMILY = "1,2";
				TEST_TARGET_NAME = AppCatsTest;
			};
			name = Debug;
		};
		D9B0C96D2D5169A5002032C9 /* Release */ = {
			isa = XCBuildConfiguration;
			buildSettings = {
				ALWAYS_EMBED_SWIFT_STANDARD_LIBRARIES = YES;
				CODE_SIGN_STYLE = Automatic;
				CURRENT_PROJECT_VERSION = 1;
				DEVELOPMENT_TEAM = 2U7FA696SS;
				GENERATE_INFOPLIST_FILE = YES;
				MARKETING_VERSION = 1.0;
				PRODUCT_BUNDLE_IDENTIFIER = korbek.AppCatsTestUITests;
				PRODUCT_NAME = "$(TARGET_NAME)";
				SWIFT_EMIT_LOC_STRINGS = NO;
				SWIFT_VERSION = 5.0;
				TARGETED_DEVICE_FAMILY = "1,2";
				TEST_TARGET_NAME = AppCatsTest;
			};
			name = Release;
		};
/* End XCBuildConfiguration section */

/* Begin XCConfigurationList section */
		D9B0C9372D5169A1002032C9 /* Build configuration list for PBXProject "AppCatsTest" */ = {
			isa = XCConfigurationList;
			buildConfigurations = (
				D9B0C9632D5169A5002032C9 /* Debug */,
				D9B0C9642D5169A5002032C9 /* Release */,
			);
			defaultConfigurationIsVisible = 0;
			defaultConfigurationName = Release;
		};
		D9B0C9652D5169A5002032C9 /* Build configuration list for PBXNativeTarget "AppCatsTest" */ = {
			isa = XCConfigurationList;
			buildConfigurations = (
				D9B0C9662D5169A5002032C9 /* Debug */,
				D9B0C9672D5169A5002032C9 /* Release */,
			);
			defaultConfigurationIsVisible = 0;
			defaultConfigurationName = Release;
		};
		D9B0C9682D5169A5002032C9 /* Build configuration list for PBXNativeTarget "AppCatsTestTests" */ = {
			isa = XCConfigurationList;
			buildConfigurations = (
				D9B0C9692D5169A5002032C9 /* Debug */,
				D9B0C96A2D5169A5002032C9 /* Release */,
			);
			defaultConfigurationIsVisible = 0;
			defaultConfigurationName = Release;
		};
		D9B0C96B2D5169A5002032C9 /* Build configuration list for PBXNativeTarget "AppCatsTestUITests" */ = {
			isa = XCConfigurationList;
			buildConfigurations = (
				D9B0C96C2D5169A5002032C9 /* Debug */,
				D9B0C96D2D5169A5002032C9 /* Release */,
			);
			defaultConfigurationIsVisible = 0;
			defaultConfigurationName = Release;
		};
/* End XCConfigurationList section */

/* Begin XCVersionGroup section */
		D9B0C94A2D5169A4002032C9 /* AppCatsTest.xcdatamodeld */ = {
			isa = XCVersionGroup;
			children = (
				D9B0C94B2D5169A4002032C9 /* AppCatsTest.xcdatamodel */,
			);
			currentVersion = D9B0C94B2D5169A4002032C9 /* AppCatsTest.xcdatamodel */;
			path = AppCatsTest.xcdatamodeld;
			sourceTree = "<group>";
			versionGroupType = wrapper.xcdatamodel;
		};
/* End XCVersionGroup section */
	};
	rootObject = D9B0C9342D5169A1002032C9 /* Project object */;
}
